
Microsoft Visual Studio Solution File, Format Version 12.00
# Visual Studio 14
VisualStudioVersion = 14.0.25420.1
MinimumVisualStudioVersion = 10.0.40219.1
Project("{FAE04EC0-301F-11D3-BF4B-00C04F79EFBC}") = "Visport_Webservice", "Visport_Webservice\Visport_Webservice.csproj", "{75939D77-9F9B-418D-A7FB-2FD3D336620F}"
EndProject
Global
	GlobalSection(SolutionConfigurationPlatforms) = preSolution
		Debug|Any CPU = Debug|Any CPU
		Release|Any CPU = Release|Any CPU
	EndGlobalSection
	GlobalSection(ProjectConfigurationPlatforms) = postSolution
		{75939D77-9F9B-418D-A7FB-2FD3D336620F}.Debug|Any CPU.ActiveCfg = Debug|Any CPU
		{75939D77-9F9B-418D-A7FB-2FD3D336620F}.Debug|Any CPU.Build.0 = Debug|Any CPU
		{75939D77-9F9B-418D-A7FB-2FD3D336620F}.Release|Any CPU.ActiveCfg = Release|Any CPU
		{75939D77-9F9B-418D-A7FB-2FD3D336620F}.Release|Any CPU.Build.0 = Release|Any CPU
	EndGlobalSection
	GlobalSection(SolutionProperties) = preSolution
		HideSolutionNode = FALSE
	EndGlobalSection
EndGlobal
